
Microsoft Visual Studio Solution File, Format Version 12.00
# Visual Studio Version 16
VisualStudioVersion = 16.0.29009.5
MinimumVisualStudioVersion = 10.0.40219.1
Project("{FAE04EC0-301F-11D3-BF4B-00C04F79EFBC}") = "kiralama", "kiralama\kiralama.csproj", "{FB237D7B-B93A-483B-9529-2C2059FC9814}"
EndProject
Global
	GlobalSection(SolutionConfigurationPlatforms) = preSolution
		Debug|Any CPU = Debug|Any CPU
		Release|Any CPU = Release|Any CPU
	EndGlobalSection
	GlobalSection(ProjectConfigurationPlatforms) = postSolution
		{FB237D7B-B93A-483B-9529-2C2059FC9814}.Debug|Any CPU.ActiveCfg = Debug|Any CPU
		{FB237D7B-B93A-483B-9529-2C2059FC9814}.Debug|Any CPU.Build.0 = Debug|Any CPU
		{FB237D7B-B93A-483B-9529-2C2059FC9814}.Release|Any CPU.ActiveCfg = Release|Any CPU
		{FB237D7B-B93A-483B-9529-2C2059FC9814}.Release|Any CPU.Build.0 = Release|Any CPU
	EndGlobalSection
	GlobalSection(SolutionProperties) = preSolution
		HideSolutionNode = FALSE
	EndGlobalSection
	GlobalSection(ExtensibilityGlobals) = postSolution
		SolutionGuid = {7B16A00B-64BD-4C70-AF2E-D2D73B9BC6D6}
	EndGlobalSection
EndGlobal
